
Microsoft Visual Studio Solution File, Format Version 12.00
# Visual Studio Version 17
VisualStudioVersion = 17.8.34330.188
MinimumVisualStudioVersion = 10.0.40219.1
Project("{9A19103F-16F7-4668-BE54-9A1E7A4F7556}") = "FlightBookingDAL", "FlightBookingDAL\FlightBookingDAL.csproj", "{E51716FA-6CCB-40D4-A3E5-DCD7291193D9}"
EndProject
Project("{9A19103F-16F7-4668-BE54-9A1E7A4F7556}") = "FlightBookingServices", "FlightBookingServices\FlightBookingServices.csproj", "{DC077E9E-47DA-4079-A307-F5CAA35C0CC4}"
EndProject
Global
	GlobalSection(SolutionConfigurationPlatforms) = preSolution
		Debug|Any CPU = Debug|Any CPU
		Release|Any CPU = Release|Any CPU
	EndGlobalSection
	GlobalSection(ProjectConfigurationPlatforms) = postSolution
		{E51716FA-6CCB-40D4-A3E5-DCD7291193D9}.Debug|Any CPU.ActiveCfg = Debug|Any CPU
		{E51716FA-6CCB-40D4-A3E5-DCD7291193D9}.Debug|Any CPU.Build.0 = Debug|Any CPU
		{E51716FA-6CCB-40D4-A3E5-DCD7291193D9}.Release|Any CPU.ActiveCfg = Release|Any CPU
		{E51716FA-6CCB-40D4-A3E5-DCD7291193D9}.Release|Any CPU.Build.0 = Release|Any CPU
		{DC077E9E-47DA-4079-A307-F5CAA35C0CC4}.Debug|Any CPU.ActiveCfg = Debug|Any CPU
		{DC077E9E-47DA-4079-A307-F5CAA35C0CC4}.Debug|Any CPU.Build.0 = Debug|Any CPU
		{DC077E9E-47DA-4079-A307-F5CAA35C0CC4}.Release|Any CPU.ActiveCfg = Release|Any CPU
		{DC077E9E-47DA-4079-A307-F5CAA35C0CC4}.Release|Any CPU.Build.0 = Release|Any CPU
	EndGlobalSection
	GlobalSection(SolutionProperties) = preSolution
		HideSolutionNode = FALSE
	EndGlobalSection
	GlobalSection(ExtensibilityGlobals) = postSolution
		SolutionGuid = {6F28FCCE-8E0E-4420-8314-20BAF76FDFDA}
	EndGlobalSection
EndGlobal
